// !$*UTF8*$!
{
	archiveVersion = 1;
	classes = {
	};
	objectVersion = 50;
	objects = {

/* Begin PBXBuildFile section */
		491157C22238864400953A22 /* settingsViewController.swift in Sources */ = {isa = PBXBuildFile; fileRef = 491157C12238864400953A22 /* settingsViewController.swift */; };
		491157C4223886C700953A22 /* SharingManager.swift in Sources */ = {isa = PBXBuildFile; fileRef = 491157C3223886C700953A22 /* SharingManager.swift */; };
		49F7418C21DD823F0005EB65 /* AppDelegate.swift in Sources */ = {isa = PBXBuildFile; fileRef = 49F7418B21DD823F0005EB65 /* AppDelegate.swift */; };
		49F7418E21DD823F0005EB65 /* ViewController.swift in Sources */ = {isa = PBXBuildFile; fileRef = 49F7418D21DD823F0005EB65 /* ViewController.swift */; };
		49F7419021DD825E0005EB65 /* Assets.xcassets in Resources */ = {isa = PBXBuildFile; fileRef = 49F7418F21DD825E0005EB65 /* Assets.xcassets */; };
		49F7419321DD825E0005EB65 /* Main.storyboard in Resources */ = {isa = PBXBuildFile; fileRef = 49F7419121DD825E0005EB65 /* Main.storyboard */; };
		A9CAED8334AF693428F9CEC0 /* Pods_nBot.framework in Frameworks */ = {isa = PBXBuildFile; fileRef = 15DF9E2E9EEF6FDB91FF66D5 /* Pods_nBot.framework */; };
/* End PBXBuildFile section */

/* Begin PBXFileReference section */
		15DF9E2E9EEF6FDB91FF66D5 /* Pods_nBot.framework */ = {isa = PBXFileReference; explicitFileType = wrapper.framework; includeInIndex = 0; path = Pods_nBot.framework; sourceTree = BUILT_PRODUCTS_DIR; };
		1A5B44EEA586568D3732E38A /* Pods-nBot.release.xcconfig */ = {isa = PBXFileReference; includeInIndex = 1; lastKnownFileType = text.xcconfig; name = "Pods-nBot.release.xcconfig"; path = "Pods/Target Support Files/Pods-nBot/Pods-nBot.release.xcconfig"; sourceTree = "<group>"; };
		491157C12238864400953A22 /* settingsViewController.swift */ = {isa = PBXFileReference; lastKnownFileType = sourcecode.swift; path = settingsViewController.swift; sourceTree = "<group>"; };
		491157C3223886C700953A22 /* SharingManager.swift */ = {isa = PBXFileReference; lastKnownFileType = sourcecode.swift; path = SharingManager.swift; sourceTree = "<group>"; };
		49F7418821DD823F0005EB65 /* nBot.app */ = {isa = PBXFileReference; explicitFileType = wrapper.application; includeInIndex = 0; path = nBot.app; sourceTree = BUILT_PRODUCTS_DIR; };
		49F7418B21DD823F0005EB65 /* AppDelegate.swift */ = {isa = PBXFileReference; lastKnownFileType = sourcecode.swift; path = AppDelegate.swift; sourceTree = "<group>"; };
		49F7418D21DD823F0005EB65 /* ViewController.swift */ = {isa = PBXFileReference; lastKnownFileType = sourcecode.swift; path = ViewController.swift; sourceTree = "<group>"; };
		49F7418F21DD825E0005EB65 /* Assets.xcassets */ = {isa = PBXFileReference; lastKnownFileType = folder.assetcatalog; path = Assets.xcassets; sourceTree = "<group>"; };
		49F7419221DD825E0005EB65 /* Base */ = {isa = PBXFileReference; lastKnownFileType = file.storyboard; name = Base; path = Base.lproj/Main.storyboard; sourceTree = "<group>"; };
		49F7419421DD825E0005EB65 /* Info.plist */ = {isa = PBXFileReference; lastKnownFileType = text.plist.xml; path = Info.plist; sourceTree = "<group>"; };
		49F7419521DD825E0005EB65 /* nBot.entitlements */ = {isa = PBXFileReference; lastKnownFileType = text.plist.entitlements; path = nBot.entitlements; sourceTree = "<group>"; };
		E3BF970FD74F884DBEC44304 /* Pods-nBot.debug.xcconfig */ = {isa = PBXFileReference; includeInIndex = 1; lastKnownFileType = text.xcconfig; name = "Pods-nBot.debug.xcconfig"; path = "Pods/Target Support Files/Pods-nBot/Pods-nBot.debug.xcconfig"; sourceTree = "<group>"; };
/* End PBXFileReference section */

/* Begin PBXFrameworksBuildPhase section */
		49F7418521DD823E0005EB65 /* Frameworks */ = {
			isa = PBXFrameworksBuildPhase;
			buildActionMask = 2147483647;
			files = (
				A9CAED8334AF693428F9CEC0 /* Pods_nBot.framework in Frameworks */,
			);
			runOnlyForDeploymentPostprocessing = 0;
		};
/* End PBXFrameworksBuildPhase section */

/* Begin PBXGroup section */
		0CC0830A99B0CDB5A1EAC150 /* Frameworks */ = {
			isa = PBXGroup;
			children = (
				15DF9E2E9EEF6FDB91FF66D5 /* Pods_nBot.framework */,
			);
			name = Frameworks;
			sourceTree = "<group>";
		};
		49F7417F21DD823D0005EB65 = {
			isa = PBXGroup;
			children = (
				49F7418A21DD823F0005EB65 /* nBot */,
				49F7418921DD823F0005EB65 /* Products */,
				68BDC8C5F3D9FCA46EA8B904 /* Pods */,
				0CC0830A99B0CDB5A1EAC150 /* Frameworks */,
			);
			sourceTree = "<group>";
		};
		49F7418921DD823F0005EB65 /* Products */ = {
			isa = PBXGroup;
			children = (
				49F7418821DD823F0005EB65 /* nBot.app */,
			);
			name = Products;
			sourceTree = "<group>";
		};
		49F7418A21DD823F0005EB65 /* nBot */ = {
			isa = PBXGroup;
			children = (
				49F7418B21DD823F0005EB65 /* AppDelegate.swift */,
				49F7418D21DD823F0005EB65 /* ViewController.swift */,
				49F7418F21DD825E0005EB65 /* Assets.xcassets */,
				49F7419121DD825E0005EB65 /* Main.storyboard */,
				49F7419421DD825E0005EB65 /* Info.plist */,
				49F7419521DD825E0005EB65 /* nBot.entitlements */,
				491157C12238864400953A22 /* settingsViewController.swift */,
				491157C3223886C700953A22 /* SharingManager.swift */,
			);
			path = nBot;
			sourceTree = "<group>";
		};
		68BDC8C5F3D9FCA46EA8B904 /* Pods */ = {
			isa = PBXGroup;
			children = (
				E3BF970FD74F884DBEC44304 /* Pods-nBot.debug.xcconfig */,
				1A5B44EEA586568D3732E38A /* Pods-nBot.release.xcconfig */,
			);
			name = Pods;
			sourceTree = "<group>";
		};
/* End PBXGroup section */

/* Begin PBXNativeTarget section */
		49F7418721DD823E0005EB65 /* nBot */ = {
			isa = PBXNativeTarget;
			buildConfigurationList = 49F7419821DD825E0005EB65 /* Build configuration list for PBXNativeTarget "nBot" */;
			buildPhases = (
				D46B05D211E03361D412B492 /* [CP] Check Pods Manifest.lock */,
				49F7418421DD823E0005EB65 /* Sources */,
				49F7418521DD823E0005EB65 /* Frameworks */,
				49F7418621DD823E0005EB65 /* Resources */,
				DC268B66E6CF2E5E56FB7EBD /* [CP] Embed Pods Frameworks */,
			);
			buildRules = (
			);
			dependencies = (
			);
			name = nBot;
			productName = nBot;
			productReference = 49F7418821DD823F0005EB65 /* nBot.app */;
			productType = "com.apple.product-type.application";
		};
/* End PBXNativeTarget section */

/* Begin PBXProject section */
		49F7418021DD823E0005EB65 /* Project object */ = {
			isa = PBXProject;
			attributes = {
				LastSwiftUpdateCheck = 1000;
				LastUpgradeCheck = 1000;
				ORGANIZATIONNAME = KSG;
				TargetAttributes = {
					49F7418721DD823E0005EB65 = {
						CreatedOnToolsVersion = 10.0;
						SystemCapabilities = {
							com.apple.Sandbox = {
								enabled = 1;
							};
						};
					};
				};
			};
			buildConfigurationList = 49F7418321DD823E0005EB65 /* Build configuration list for PBXProject "nBot" */;
			compatibilityVersion = "Xcode 9.3";
			developmentRegion = en;
			hasScannedForEncodings = 0;
			knownRegions = (
				en,
				Base,
			);
			mainGroup = 49F7417F21DD823D0005EB65;
			productRefGroup = 49F7418921DD823F0005EB65 /* Products */;
			projectDirPath = "";
			projectRoot = "";
			targets = (
				49F7418721DD823E0005EB65 /* nBot */,
			);
		};
/* End PBXProject section */

/* Begin PBXResourcesBuildPhase section */
		49F7418621DD823E0005EB65 /* Resources */ = {
			isa = PBXResourcesBuildPhase;
			buildActionMask = 2147483647;
			files = (
				49F7419021DD825E0005EB65 /* Assets.xcassets in Resources */,
				49F7419321DD825E0005EB65 /* Main.storyboard in Resources */,
			);
			runOnlyForDeploymentPostprocessing = 0;
		};
/* End PBXResourcesBuildPhase section */

/* Begin PBXShellScriptBuildPhase section */
		D46B05D211E03361D412B492 /* [CP] Check Pods Manifest.lock */ = {
			isa = PBXShellScriptBuildPhase;
			buildActionMask = 2147483647;
			files = (
			);
			inputPaths = (
				"${PODS_PODFILE_DIR_PATH}/Podfile.lock",
				"${PODS_ROOT}/Manifest.lock",
			);
			name = "[CP] Check Pods Manifest.lock";
			outputPaths = (
				"$(DERIVED_FILE_DIR)/Pods-nBot-checkManifestLockResult.txt",
			);
			runOnlyForDeploymentPostprocessing = 0;
			shellPath = /bin/sh;
			shellScript = "diff \"${PODS_PODFILE_DIR_PATH}/Podfile.lock\" \"${PODS_ROOT}/Manifest.lock\" > /dev/null\nif [ $? != 0 ] ; then\n    # print error to STDERR\n    echo \"error: The sandbox is not in sync with the Podfile.lock. Run 'pod install' or update your CocoaPods installation.\" >&2\n    exit 1\nfi\n# This output is used by Xcode 'outputs' to avoid re-running this script phase.\necho \"SUCCESS\" > \"${SCRIPT_OUTPUT_FILE_0}\"\n";
			showEnvVarsInLog = 0;
		};
		DC268B66E6CF2E5E56FB7EBD /* [CP] Embed Pods Frameworks */ = {
			isa = PBXShellScriptBuildPhase;
			buildActionMask = 2147483647;
			files = (
			);
			inputPaths = (
				"${SRCROOT}/Pods/Target Support Files/Pods-nBot/Pods-nBot-frameworks.sh",
				"${BUILT_PRODUCTS_DIR}/Kanna/Kanna.framework",
			);
			name = "[CP] Embed Pods Frameworks";
			outputPaths = (
				"${TARGET_BUILD_DIR}/${FRAMEWORKS_FOLDER_PATH}/Kanna.framework",
			);
			runOnlyForDeploymentPostprocessing = 0;
			shellPath = /bin/sh;
			shellScript = "\"${SRCROOT}/Pods/Target Support Files/Pods-nBot/Pods-nBot-frameworks.sh\"\n";
			showEnvVarsInLog = 0;
		};
/* End PBXShellScriptBuildPhase section */

/* Begin PBXSourcesBuildPhase section */
		49F7418421DD823E0005EB65 /* Sources */ = {
			isa = PBXSourcesBuildPhase;
			buildActionMask = 2147483647;
			files = (
				49F7418E21DD823F0005EB65 /* ViewController.swift in Sources */,
				49F7418C21DD823F0005EB65 /* AppDelegate.swift in Sources */,
				491157C4223886C700953A22 /* SharingManager.swift in Sources */,
				491157C22238864400953A22 /* settingsViewController.swift in Sources */,
			);
			runOnlyForDeploymentPostprocessing = 0;
		};
/* End PBXSourcesBuildPhase section */

/* Begin PBXVariantGroup section */
		49F7419121DD825E0005EB65 /* Main.storyboard */ = {
			isa = PBXVariantGroup;
			children = (
				49F7419221DD825E0005EB65 /* Base */,
			);
			name = Main.storyboard;
			sourceTree = "<group>";
		};
/* End PBXVariantGroup section */

/* Begin XCBuildConfiguration section */
		49F7419621DD825E0005EB65 /* Debug */ = {
			isa = XCBuildConfiguration;
			buildSettings = {
				ALWAYS_SEARCH_USER_PATHS = NO;
				CLANG_ANALYZER_NONNULL = YES;
				CLANG_ANALYZER_NUMBER_OBJECT_CONVERSION = YES_AGGRESSIVE;
				CLANG_CXX_LANGUAGE_STANDARD = "gnu++14";
				CLANG_CXX_LIBRARY = "libc++";
				CLANG_ENABLE_MODULES = YES;
				CLANG_ENABLE_OBJC_ARC = YES;
				CLANG_ENABLE_OBJC_WEAK = YES;
				CLANG_WARN_BLOCK_CAPTURE_AUTORELEASING = YES;
				CLANG_WARN_BOOL_CONVERSION = YES;
				CLANG_WARN_COMMA = YES;
				CLANG_WARN_CONSTANT_CONVERSION = YES;
				CLANG_WARN_DEPRECATED_OBJC_IMPLEMENTATIONS = YES;
				CLANG_WARN_DIRECT_OBJC_ISA_USAGE = YES_ERROR;
				CLANG_WARN_DOCUMENTATION_COMMENTS = YES;
				CLANG_WARN_EMPTY_BODY = YES;
				CLANG_WARN_ENUM_CONVERSION = YES;
				CLANG_WARN_INFINITE_RECURSION = YES;
				CLANG_WARN_INT_CONVERSION = YES;
				CLANG_WARN_NON_LITERAL_NULL_CONVERSION = YES;
				CLANG_WARN_OBJC_IMPLICIT_RETAIN_SELF = YES;
				CLANG_WARN_OBJC_LITERAL_CONVERSION = YES;
				CLANG_WARN_OBJC_ROOT_CLASS = YES_ERROR;
				CLANG_WARN_RANGE_LOOP_ANALYSIS = YES;
				CLANG_WARN_STRICT_PROTOTYPES = YES;
				CLANG_WARN_SUSPICIOUS_MOVE = YES;
				CLANG_WARN_UNGUARDED_AVAILABILITY = YES_AGGRESSIVE;
				CLANG_WARN_UNREACHABLE_CODE = YES;
				CLANG_WARN__DUPLICATE_METHOD_MATCH = YES;
				CODE_SIGN_IDENTITY = "-";
				COPY_PHASE_STRIP = NO;
				DEBUG_INFORMATION_FORMAT = dwarf;
				ENABLE_STRICT_OBJC_MSGSEND = YES;
				ENABLE_TESTABILITY = YES;
				GCC_C_LANGUAGE_STANDARD = gnu11;
				GCC_DYNAMIC_NO_PIC = NO;
				GCC_NO_COMMON_BLOCKS = YES;
				GCC_OPTIMIZATION_LEVEL = 0;
				GCC_PREPROCESSOR_DEFINITIONS = (
					"DEBUG=1",
					"$(inherited)",
				);
				GCC_WARN_64_TO_32_BIT_CONVERSION = YES;
				GCC_WARN_ABOUT_RETURN_TYPE = YES_ERROR;
				GCC_WARN_UNDECLARED_SELECTOR = YES;
				GCC_WARN_UNINITIALIZED_AUTOS = YES_AGGRESSIVE;
				GCC_WARN_UNUSED_FUNCTION = YES;
				GCC_WARN_UNUSED_VARIABLE = YES;
				MACOSX_DEPLOYMENT_TARGET = 10.13;
				MTL_ENABLE_DEBUG_INFO = INCLUDE_SOURCE;
				MTL_FAST_MATH = YES;
				ONLY_ACTIVE_ARCH = YES;
				SDKROOT = macosx;
				SWIFT_ACTIVE_COMPILATION_CONDITIONS = DEBUG;
				SWIFT_OPTIMIZATION_LEVEL = "-Onone";
			};
			name = Debug;
		};
		49F7419721DD825E0005EB65 /* Release */ = {
			isa = XCBuildConfiguration;
			buildSettings = {
				ALWAYS_SEARCH_USER_PATHS = NO;
				CLANG_ANALYZER_NONNULL = YES;
				CLANG_ANALYZER_NUMBER_OBJECT_CONVERSION = YES_AGGRESSIVE;
				CLANG_CXX_LANGUAGE_STANDARD = "gnu++14";
				CLANG_CXX_LIBRARY = "libc++";
				CLANG_ENABLE_MODULES = YES;
				CLANG_ENABLE_OBJC_ARC = YES;
				CLANG_ENABLE_OBJC_WEAK = YES;
				CLANG_WARN_BLOCK_CAPTURE_AUTORELEASING = YES;
				CLANG_WARN_BOOL_CONVERSION = YES;
				CLANG_WARN_COMMA = YES;
				CLANG_WARN_CONSTANT_CONVERSION = YES;
				CLANG_WARN_DEPRECATED_OBJC_IMPLEMENTATIONS = YES;
				CLANG_WARN_DIRECT_OBJC_ISA_USAGE = YES_ERROR;
				CLANG_WARN_DOCUMENTATION_COMMENTS = YES;
				CLANG_WARN_EMPTY_BODY = YES;
				CLANG_WARN_ENUM_CONVERSION = YES;
				CLANG_WARN_INFINITE_RECURSION = YES;
				CLANG_WARN_INT_CONVERSION = YES;
				CLANG_WARN_NON_LITERAL_NULL_CONVERSION = YES;
				CLANG_WARN_OBJC_IMPLICIT_RETAIN_SELF = YES;
				CLANG_WARN_OBJC_LITERAL_CONVERSION = YES;
				CLANG_WARN_OBJC_ROOT_CLASS = YES_ERROR;
				CLANG_WARN_RANGE_LOOP_ANALYSIS = YES;
				CLANG_WARN_STRICT_PROTOTYPES = YES;
				CLANG_WARN_SUSPICIOUS_MOVE = YES;
				CLANG_WARN_UNGUARDED_AVAILABILITY = YES_AGGRESSIVE;
				CLANG_WARN_UNREACHABLE_CODE = YES;
				CLANG_WARN__DUPLICATE_METHOD_MATCH = YES;
				CODE_SIGN_IDENTITY = "-";
				COPY_PHASE_STRIP = NO;
				DEBUG_INFORMATION_FORMAT = "dwarf-with-dsym";
				ENABLE_NS_ASSERTIONS = NO;
				ENABLE_STRICT_OBJC_MSGSEND = YES;
				GCC_C_LANGUAGE_STANDARD = gnu11;
				GCC_NO_COMMON_BLOCKS = YES;
				GCC_WARN_64_TO_32_BIT_CONVERSION = YES;
				GCC_WARN_ABOUT_RETURN_TYPE = YES_ERROR;
				GCC_WARN_UNDECLARED_SELECTOR = YES;
				GCC_WARN_UNINITIALIZED_AUTOS = YES_AGGRESSIVE;
				GCC_WARN_UNUSED_FUNCTION = YES;
				GCC_WARN_UNUSED_VARIABLE = YES;
				MACOSX_DEPLOYMENT_TARGET = 10.13;
				MTL_ENABLE_DEBUG_INFO = NO;
				MTL_FAST_MATH = YES;
				SDKROOT = macosx;
				SWIFT_COMPILATION_MODE = wholemodule;
				SWIFT_OPTIMIZATION_LEVEL = "-O";
			};
			name = Release;
		};
		49F7419921DD825E0005EB65 /* Debug */ = {
			isa = XCBuildConfiguration;
			baseConfigurationReference = E3BF970FD74F884DBEC44304 /* Pods-nBot.debug.xcconfig */;
			buildSettings = {
				ASSETCATALOG_COMPILER_APPICON_NAME = AppIcon;
				CODE_SIGN_ENTITLEMENTS = nBot/nBot.entitlements;
				CODE_SIGN_IDENTITY = "Mac Developer";
				CODE_SIGN_STYLE = Automatic;
				COMBINE_HIDPI_IMAGES = YES;
				DEVELOPMENT_TEAM = B2GKW4DTXJ;
				INFOPLIST_FILE = nBot/Info.plist;
				LD_RUNPATH_SEARCH_PATHS = (
					"$(inherited)",
					"@executable_path/../Frameworks",
				);
				PRODUCT_BUNDLE_IDENTIFIER = feels024.nBot;
				PRODUCT_NAME = "$(TARGET_NAME)";
				PROVISIONING_PROFILE_SPECIFIER = "";
				SWIFT_VERSION = 4.2;
			};
			name = Debug;
		};
		49F7419A21DD825E0005EB65 /* Release */ = {
			isa = XCBuildConfiguration;
			baseConfigurationReference = 1A5B44EEA586568D3732E38A /* Pods-nBot.release.xcconfig */;
			buildSettings = {
				ASSETCATALOG_COMPILER_APPICON_NAME = AppIcon;
				CODE_SIGN_ENTITLEMENTS = nBot/nBot.entitlements;
				CODE_SIGN_IDENTITY = "Mac Developer";
				CODE_SIGN_STYLE = Automatic;
				COMBINE_HIDPI_IMAGES = YES;
				DEVELOPMENT_TEAM = B2GKW4DTXJ;
				INFOPLIST_FILE = nBot/Info.plist;
				LD_RUNPATH_SEARCH_PATHS = (
					"$(inherited)",
					"@executable_path/../Frameworks",
				);
				PRODUCT_BUNDLE_IDENTIFIER = feels024.nBot;
				PRODUCT_NAME = "$(TARGET_NAME)";
				PROVISIONING_PROFILE_SPECIFIER = "";
				SWIFT_VERSION = 4.2;
			};
			name = Release;
		};
/* End XCBuildConfiguration section */

/* Begin XCConfigurationList section */
		49F7418321DD823E0005EB65 /* Build configuration list for PBXProject "nBot" */ = {
			isa = XCConfigurationList;
			buildConfigurations = (
				49F7419621DD825E0005EB65 /* Debug */,
				49F7419721DD825E0005EB65 /* Release */,
			);
			defaultConfigurationIsVisible = 0;
			defaultConfigurationName = Release;
		};
		49F7419821DD825E0005EB65 /* Build configuration list for PBXNativeTarget "nBot" */ = {
			isa = XCConfigurationList;
			buildConfigurations = (
				49F7419921DD825E0005EB65 /* Debug */,
				49F7419A21DD825E0005EB65 /* Release */,
			);
			defaultConfigurationIsVisible = 0;
			defaultConfigurationName = Release;
		};
/* End XCConfigurationList section */
	};
	rootObject = 49F7418021DD823E0005EB65 /* Project object */;
}
